
Microsoft Visual Studio Solution File, Format Version 12.00
# Visual Studio 2013
VisualStudioVersion = 12.0.21005.1
MinimumVisualStudioVersion = 10.0.40219.1
Project("{FAE04EC0-301F-11D3-BF4B-00C04F79EFBC}") = "CapaAccesoDatos", "CapaAccesoDatos\CapaAccesoDatos.csproj", "{F64F90AA-3D8D-4993-BCD8-7DA8DE0C1ABA}"
EndProject
Project("{FAE04EC0-301F-11D3-BF4B-00C04F79EFBC}") = "CapaEntidades", "CapaEntidades\CapaEntidades.csproj", "{68ED7799-CAD8-4BC2-81C7-DAB15EE9F3FF}"
EndProject
Project("{FAE04EC0-301F-11D3-BF4B-00C04F79EFBC}") = "CapaLogicaNegocio", "CapaLogicaNegocio\CapaLogicaNegocio.csproj", "{9295F40D-1248-4A39-AF17-A74ED8917365}"
EndProject
Project("{FAE04EC0-301F-11D3-BF4B-00C04F79EFBC}") = "CapaPresentacionWeb", "CapaPresentacionWeb\CapaPresentacionWeb.csproj", "{EA6FD491-390B-423F-B11D-DEF95E07792E}"
EndProject
Global
	GlobalSection(SolutionConfigurationPlatforms) = preSolution
		Debug|Any CPU = Debug|Any CPU
		Release|Any CPU = Release|Any CPU
	EndGlobalSection
	GlobalSection(ProjectConfigurationPlatforms) = postSolution
		{F64F90AA-3D8D-4993-BCD8-7DA8DE0C1ABA}.Debug|Any CPU.ActiveCfg = Debug|Any CPU
		{F64F90AA-3D8D-4993-BCD8-7DA8DE0C1ABA}.Debug|Any CPU.Build.0 = Debug|Any CPU
		{F64F90AA-3D8D-4993-BCD8-7DA8DE0C1ABA}.Release|Any CPU.ActiveCfg = Release|Any CPU
		{F64F90AA-3D8D-4993-BCD8-7DA8DE0C1ABA}.Release|Any CPU.Build.0 = Release|Any CPU
		{68ED7799-CAD8-4BC2-81C7-DAB15EE9F3FF}.Debug|Any CPU.ActiveCfg = Debug|Any CPU
		{68ED7799-CAD8-4BC2-81C7-DAB15EE9F3FF}.Debug|Any CPU.Build.0 = Debug|Any CPU
		{68ED7799-CAD8-4BC2-81C7-DAB15EE9F3FF}.Release|Any CPU.ActiveCfg = Release|Any CPU
		{68ED7799-CAD8-4BC2-81C7-DAB15EE9F3FF}.Release|Any CPU.Build.0 = Release|Any CPU
		{9295F40D-1248-4A39-AF17-A74ED8917365}.Debug|Any CPU.ActiveCfg = Debug|Any CPU
		{9295F40D-1248-4A39-AF17-A74ED8917365}.Debug|Any CPU.Build.0 = Debug|Any CPU
		{9295F40D-1248-4A39-AF17-A74ED8917365}.Release|Any CPU.ActiveCfg = Release|Any CPU
		{9295F40D-1248-4A39-AF17-A74ED8917365}.Release|Any CPU.Build.0 = Release|Any CPU
		{EA6FD491-390B-423F-B11D-DEF95E07792E}.Debug|Any CPU.ActiveCfg = Debug|Any CPU
		{EA6FD491-390B-423F-B11D-DEF95E07792E}.Debug|Any CPU.Build.0 = Debug|Any CPU
		{EA6FD491-390B-423F-B11D-DEF95E07792E}.Release|Any CPU.ActiveCfg = Release|Any CPU
		{EA6FD491-390B-423F-B11D-DEF95E07792E}.Release|Any CPU.Build.0 = Release|Any CPU
	EndGlobalSection
	GlobalSection(SolutionProperties) = preSolution
		HideSolutionNode = FALSE
	EndGlobalSection
EndGlobal
